
Microsoft Visual Studio Solution File, Format Version 12.00
# Visual Studio Version 17
VisualStudioVersion = 17.6.33829.357
MinimumVisualStudioVersion = 10.0.40219.1
Project("{FAE04EC0-301F-11D3-BF4B-00C04F79EFBC}") = "StcDataSyphonCore", "StcDataSyphon\StcDataSyphonCore.csproj", "{3DB1627F-7B99-4BD8-9582-08C003559AD2}"
EndProject
Project("{FAE04EC0-301F-11D3-BF4B-00C04F79EFBC}") = "RunDataSyphonConsole", "DataSyphonRunner\RunDataSyphonConsole.csproj", "{BC0D2AF7-EC3C-46CE-A568-504E07AAF416}"
EndProject
Global
	GlobalSection(SolutionConfigurationPlatforms) = preSolution
		Debug|Any CPU = Debug|Any CPU
		Release|Any CPU = Release|Any CPU
	EndGlobalSection
	GlobalSection(ProjectConfigurationPlatforms) = postSolution
		{3DB1627F-7B99-4BD8-9582-08C003559AD2}.Debug|Any CPU.ActiveCfg = Debug|Any CPU
		{3DB1627F-7B99-4BD8-9582-08C003559AD2}.Debug|Any CPU.Build.0 = Debug|Any CPU
		{3DB1627F-7B99-4BD8-9582-08C003559AD2}.Release|Any CPU.ActiveCfg = Release|Any CPU
		{3DB1627F-7B99-4BD8-9582-08C003559AD2}.Release|Any CPU.Build.0 = Release|Any CPU
		{BC0D2AF7-EC3C-46CE-A568-504E07AAF416}.Debug|Any CPU.ActiveCfg = Debug|Any CPU
		{BC0D2AF7-EC3C-46CE-A568-504E07AAF416}.Debug|Any CPU.Build.0 = Debug|Any CPU
		{BC0D2AF7-EC3C-46CE-A568-504E07AAF416}.Release|Any CPU.ActiveCfg = Release|Any CPU
		{BC0D2AF7-EC3C-46CE-A568-504E07AAF416}.Release|Any CPU.Build.0 = Release|Any CPU
	EndGlobalSection
	GlobalSection(SolutionProperties) = preSolution
		HideSolutionNode = FALSE
	EndGlobalSection
	GlobalSection(ExtensibilityGlobals) = postSolution
		SolutionGuid = {36530FCF-92DE-429A-B490-A5EB3E9FA63F}
	EndGlobalSection
EndGlobal
